{
    "name": "cgf-leapmotion-pd",
    "version": "0.1.1",
    "lockfileVersion": 1,
    "requires": true,
    "dependencies": {
        "binpack": {
            "version": "0.1.0",
            "resolved": "https://registry.npmjs.org/binpack/-/binpack-0.1.0.tgz",
            "integrity": "sha1-vT0JdMPyoERuF99PYLVacqIFqX4="
        },
        "gl-matrix": {
            "version": "3.4.3",
            "resolved": "https://registry.npmjs.org/gl-matrix/-/gl-matrix-3.4.3.tgz",
            "integrity": "sha512-wcCp8vu8FT22BnvKVPjXa/ICBWRq/zjFfdofZy1WSpQZpphblv12/bOQLBC1rMM7SGOFS9ltVmKOHil5+Ml7gA=="
        },
        "jspack": {
            "version": "0.0.4",
            "resolved": "https://registry.npmjs.org/jspack/-/jspack-0.0.4.tgz",
            "integrity": "sha1-Mt01x/3LPjRWwY+7fvntC8YjgXc="
        },
        "leapjs": {
            "version": "1.1.1",
            "resolved": "https://registry.npmjs.org/leapjs/-/leapjs-1.1.1.tgz",
            "integrity": "sha512-AXyzH3HuIlqaJWAfziVJa0K0k45wiavQUH7utDbDrYzlqSkqqCR3ePt8kpaDEzujx8rA3iDX+E6x2CnNR1XRXQ==",
            "requires": {
                "gl-matrix": "^3.3.0",
                "ws": "^7.4.6"
            },
            "dependencies": {
                "ws": {
                    "version": "7.5.9",
                    "resolved": "https://registry.npmjs.org/ws/-/ws-7.5.9.tgz",
                    "integrity": "sha512-F+P9Jil7UiSKSkppIiD94dN07AwvFixvLIj1Og1Rl9GGMuNipJnV9JzjD6XuqmAeiswGvUmNLjr5cFuXwNS77Q=="
                }
            }
        },
        "node-osc": {
            "version": "5.1.0",
            "resolved": "https://registry.npmjs.org/node-osc/-/node-osc-5.1.0.tgz",
            "integrity": "sha512-uAT+CVcUW3DJmY9YCz/L6ZdSNAbdZOBDg/5s8jAJsbjQRuCPmu5s7jMHzwYo5fazWwSCoXLQuUoO1nqJRzH3ZQ==",
            "requires": {
                "jspack": "0.0.4",
                "osc-min": "^1.1.1"
            }
        },
        "options": {
            "version": "0.0.6",
            "resolved": "https://registry.npmjs.org/options/-/options-0.0.6.tgz",
            "integrity": "sha1-7CLTEoBrtT5zF3Pnza788cZDEo8="
        },
        "osc-min": {
            "version": "1.1.2",
            "resolved": "https://registry.npmjs.org/osc-min/-/osc-min-1.1.2.tgz",
            "integrity": "sha512-8DbiO8ME85R75stgNVCZtHxB9MNBBNcyy+isNBXrsFeinXGjwNAauvKVmGlfRas5VJWC/mhzIx7spR2gFvWxvg==",
            "requires": {
                "binpack": "~0"
            }
        },
        "ultron": {
            "version": "1.0.2",
            "resolved": "https://registry.npmjs.org/ultron/-/ultron-1.0.2.tgz",
            "integrity": "sha1-rOEWq1V80Zc4ak6I9GhTeMiy5Po="
        },
        "ws": {
            "version": "1.1.5",
            "resolved": "https://registry.npmjs.org/ws/-/ws-1.1.5.tgz",
            "integrity": "sha512-o3KqipXNUdS7wpQzBHSe180lBGO60SoK0yVo3CYJgb2MkobuWuBX6dhkYP5ORCLd55y+SaflMOV5fqAB53ux4w==",
            "requires": {
                "options": ">=0.0.5",
                "ultron": "1.0.x"
            }
        }
    }
}
